{
  "version": 2,
  "dependencies": {
    "net10.0": {
      "DocumentFormat.OpenXml": {
        "type": "Direct",
        "requested": "[3.5.1, )",
        "resolved": "3.5.1",
        "contentHash": "zxdOf5VVCe/uNklbRhj8dVBzQGj3DoqkUuqOp9cAZVuN8mNYDjof1lvSQA2OQNr8Ptc9d7pbA7Azq/ReaI3FpA==",
        "dependencies": {
          "DocumentFormat.OpenXml.Framework": "3.5.1"
        }
      },
      "ModelContextProtocol.AspNetCore": {
        "type": "Direct",
        "requested": "[2.1.0, )",
        "resolved": "2.1.0",
        "contentHash": "yhJ8bBXIgrX0mAgRYRgzcbH3bLdv3MDSkG52utRW9EAAtQrPw/g7Q/T6EurxKV+L+Zefv8VVUYcNbXEOd9GgfA==",
        "dependencies": {
          "ModelContextProtocol": "[2.1.0]"
        }
      },
      "DocumentFormat.OpenXml.Framework": {
        "type": "Transitive",
        "resolved": "3.5.1",
        "contentHash": "U5txtc3ORno73xQx9Lf2gWzfaSZnZwKHfLkTAslhlew9lxe5XbUiCt0dY1fHeAf8yRqszUAe5i/+xLC9R/Xfsw==",
        "dependencies": {
          "System.IO.Packaging": "10.0.2"
        }
      },
      "Microsoft.Extensions.AI.Abstractions": {
        "type": "Transitive",
        "resolved": "10.8.3",
        "contentHash": "K0B05oApxmviWalNHPMBBcRC7erKiDATz3ENNR/jqTR9JwIwLRefgDhj2jCRwL1aca99pXUe0qyQC73/xIuZig=="
      },
      "ModelContextProtocol": {
        "type": "Transitive",
        "resolved": "2.1.0",
        "contentHash": "Oa4rU7EL9C2qyFjQj1dx+ysGMzfWDRpM8RRaUMmLGs5vPvfJ9xyz4ZtyF4ychY+Nx1b/auGCqIQLqSz/IpPkKA==",
        "dependencies": {
          "ModelContextProtocol.Core": "[2.1.0]"
        }
      },
      "ModelContextProtocol.Core": {
        "type": "Transitive",
        "resolved": "2.1.0",
        "contentHash": "cU/urrhRxE4/iSyBIJI7QOaFqSP1FOEnwEHsct9n6t6/XluCAFD9iqnrPkBAsEYr+f/G4tVQ21U+6wN/6fQvOg==",
        "dependencies": {
          "Microsoft.Extensions.AI.Abstractions": "10.8.3"
        }
      },
      "System.IO.Packaging": {
        "type": "Transitive",
        "resolved": "10.0.2",
        "contentHash": "JTpM4z0wpoIHHDvlCU27HsXo+zVnpWib94HXQpzzr+jc/P9NYf4w353AK4MXyGq/grm1mbLi7eXsOsDU8sGmNg=="
      }
    }
  }
}